
Microsoft Visual Studio Solution File, Format Version 12.00
Project("{FAE04EC0-301F-11D3-BF4B-00C04F79EFBC}") = "JsonParserLogic", "JsonParserLogic\JsonParserLogic.csproj", "{73FD163E-7076-4C79-8081-6ED0DEAEB80F}"
EndProject
Project("{FAE04EC0-301F-11D3-BF4B-00C04F79EFBC}") = "JsonParserTests", "JsonParserTests\JsonParserTests.csproj", "{5383EC10-70AB-4831-8D9F-9A9711B8E6CF}"
EndProject
Project("{FAE04EC0-301F-11D3-BF4B-00C04F79EFBC}") = "JsonParserBenchmark", "JsonParserBenchmark\JsonParserBenchmark.csproj", "{173AD106-95B7-4BDE-A412-54DD730CB6FC}"
EndProject
Project("{FAE04EC0-301F-11D3-BF4B-00C04F79EFBC}") = "JsonParserLegacy", "JsonParserLegacy\JsonParserLegacy.csproj", "{CEA32BE3-7865-4761-B8C7-7B61E32906A9}"
EndProject
Global
	GlobalSection(SolutionConfigurationPlatforms) = preSolution
		Debug|Any CPU = Debug|Any CPU
		Release|Any CPU = Release|Any CPU
	EndGlobalSection
	GlobalSection(ProjectConfigurationPlatforms) = postSolution
		{73FD163E-7076-4C79-8081-6ED0DEAEB80F}.Debug|Any CPU.ActiveCfg = Debug|Any CPU
		{73FD163E-7076-4C79-8081-6ED0DEAEB80F}.Debug|Any CPU.Build.0 = Debug|Any CPU
		{73FD163E-7076-4C79-8081-6ED0DEAEB80F}.Release|Any CPU.ActiveCfg = Release|Any CPU
		{73FD163E-7076-4C79-8081-6ED0DEAEB80F}.Release|Any CPU.Build.0 = Release|Any CPU
		{5383EC10-70AB-4831-8D9F-9A9711B8E6CF}.Debug|Any CPU.ActiveCfg = Debug|Any CPU
		{5383EC10-70AB-4831-8D9F-9A9711B8E6CF}.Debug|Any CPU.Build.0 = Debug|Any CPU
		{5383EC10-70AB-4831-8D9F-9A9711B8E6CF}.Release|Any CPU.ActiveCfg = Release|Any CPU
		{5383EC10-70AB-4831-8D9F-9A9711B8E6CF}.Release|Any CPU.Build.0 = Release|Any CPU
		{173AD106-95B7-4BDE-A412-54DD730CB6FC}.Debug|Any CPU.ActiveCfg = Debug|Any CPU
		{173AD106-95B7-4BDE-A412-54DD730CB6FC}.Debug|Any CPU.Build.0 = Debug|Any CPU
		{173AD106-95B7-4BDE-A412-54DD730CB6FC}.Release|Any CPU.ActiveCfg = Release|Any CPU
		{173AD106-95B7-4BDE-A412-54DD730CB6FC}.Release|Any CPU.Build.0 = Release|Any CPU
		{CEA32BE3-7865-4761-B8C7-7B61E32906A9}.Debug|Any CPU.ActiveCfg = Debug|Any CPU
		{CEA32BE3-7865-4761-B8C7-7B61E32906A9}.Debug|Any CPU.Build.0 = Debug|Any CPU
		{CEA32BE3-7865-4761-B8C7-7B61E32906A9}.Release|Any CPU.ActiveCfg = Release|Any CPU
		{CEA32BE3-7865-4761-B8C7-7B61E32906A9}.Release|Any CPU.Build.0 = Release|Any CPU
	EndGlobalSection
EndGlobal
